
Microsoft Visual Studio Solution File, Format Version 12.00
# Visual Studio Version 16
VisualStudioVersion = 16.0.29306.81
MinimumVisualStudioVersion = 10.0.40219.1
Project("{F184B08F-C81C-45F6-A57F-5ABD9991F28F}") = "Internet test 2", "Internet test 2\Internet test 2.vbproj", "{8994FEF2-2DD6-4C02-8A66-19257BA62567}"
EndProject
Project("{54435603-DBB4-11D2-8724-00A0C9A8B90C}") = "InternetTestSetup", "InternetTestSetup\InternetTestSetup.vdproj", "{85E0C620-F883-459D-830A-7B0CEC25C26E}"
EndProject
Project("{FAE04EC0-301F-11D3-BF4B-00C04F79EFBC}") = "InternetTest", "InternetTest\InternetTest.csproj", "{09A1DF4D-F9A9-4132-BA67-FE9E45E8E77F}"
EndProject
Global
	GlobalSection(SolutionConfigurationPlatforms) = preSolution
		Debug|Any CPU = Debug|Any CPU
		Release|Any CPU = Release|Any CPU
	EndGlobalSection
	GlobalSection(ProjectConfigurationPlatforms) = postSolution
		{8994FEF2-2DD6-4C02-8A66-19257BA62567}.Debug|Any CPU.ActiveCfg = Debug|Any CPU
		{8994FEF2-2DD6-4C02-8A66-19257BA62567}.Debug|Any CPU.Build.0 = Debug|Any CPU
		{8994FEF2-2DD6-4C02-8A66-19257BA62567}.Release|Any CPU.ActiveCfg = Release|Any CPU
		{8994FEF2-2DD6-4C02-8A66-19257BA62567}.Release|Any CPU.Build.0 = Release|Any CPU
		{85E0C620-F883-459D-830A-7B0CEC25C26E}.Debug|Any CPU.ActiveCfg = Debug
		{85E0C620-F883-459D-830A-7B0CEC25C26E}.Release|Any CPU.ActiveCfg = Release
		{09A1DF4D-F9A9-4132-BA67-FE9E45E8E77F}.Debug|Any CPU.ActiveCfg = Debug|Any CPU
		{09A1DF4D-F9A9-4132-BA67-FE9E45E8E77F}.Debug|Any CPU.Build.0 = Debug|Any CPU
		{09A1DF4D-F9A9-4132-BA67-FE9E45E8E77F}.Release|Any CPU.ActiveCfg = Release|Any CPU
		{09A1DF4D-F9A9-4132-BA67-FE9E45E8E77F}.Release|Any CPU.Build.0 = Release|Any CPU
	EndGlobalSection
	GlobalSection(SolutionProperties) = preSolution
		HideSolutionNode = FALSE
	EndGlobalSection
	GlobalSection(ExtensibilityGlobals) = postSolution
		SolutionGuid = {D5DE81F9-DE0D-4285-9543-F9F793F0556B}
	EndGlobalSection
EndGlobal
