
Microsoft Visual Studio Solution File, Format Version 12.00
# Visual Studio Version 17
VisualStudioVersion = 17.14.36212.18 d17.14
MinimumVisualStudioVersion = 10.0.40219.1
Project("{FAE04EC0-301F-11D3-BF4B-00C04F79EFBC}") = "InternetTest", "InternetTest\InternetTest.csproj", "{0C85030B-A376-431A-9DED-C6D30F2D2E13}"
EndProject
Global
	GlobalSection(SolutionConfigurationPlatforms) = preSolution
		Debug|Any CPU = Debug|Any CPU
		Release|Any CPU = Release|Any CPU
	EndGlobalSection
	GlobalSection(ProjectConfigurationPlatforms) = postSolution
		{0C85030B-A376-431A-9DED-C6D30F2D2E13}.Debug|Any CPU.ActiveCfg = Debug|Any CPU
		{0C85030B-A376-431A-9DED-C6D30F2D2E13}.Debug|Any CPU.Build.0 = Debug|Any CPU
		{0C85030B-A376-431A-9DED-C6D30F2D2E13}.Release|Any CPU.ActiveCfg = Release|Any CPU
		{0C85030B-A376-431A-9DED-C6D30F2D2E13}.Release|Any CPU.Build.0 = Release|Any CPU
	EndGlobalSection
	GlobalSection(SolutionProperties) = preSolution
		HideSolutionNode = FALSE
	EndGlobalSection
	GlobalSection(ExtensibilityGlobals) = postSolution
		SolutionGuid = {72709E02-7178-48AE-89F1-B3D05BED461D}
	EndGlobalSection
EndGlobal
