
Microsoft Visual Studio Solution File, Format Version 12.00
# Visual Studio Version 16
VisualStudioVersion = 16.0.31025.194
MinimumVisualStudioVersion = 10.0.40219.1
Project("{9A19103F-16F7-4668-BE54-9A1E7A4F7556}") = "InternetTest", "InternetTest\InternetTest.csproj", "{4AE91DB8-9CD8-47FA-B27B-C7E659300991}"
EndProject
Project("{FAE04EC0-301F-11D3-BF4B-00C04F79EFBC}") = "Xalyus Updater", "Xalyus Updater\Xalyus Updater.csproj", "{40F7B033-68D4-41C5-938C-EB818245BF6A}"
EndProject
Global
	GlobalSection(SolutionConfigurationPlatforms) = preSolution
		Debug|Any CPU = Debug|Any CPU
		Release|Any CPU = Release|Any CPU
	EndGlobalSection
	GlobalSection(ProjectConfigurationPlatforms) = postSolution
		{4AE91DB8-9CD8-47FA-B27B-C7E659300991}.Debug|Any CPU.ActiveCfg = Debug|Any CPU
		{4AE91DB8-9CD8-47FA-B27B-C7E659300991}.Debug|Any CPU.Build.0 = Debug|Any CPU
		{4AE91DB8-9CD8-47FA-B27B-C7E659300991}.Release|Any CPU.ActiveCfg = Release|Any CPU
		{4AE91DB8-9CD8-47FA-B27B-C7E659300991}.Release|Any CPU.Build.0 = Release|Any CPU
		{40F7B033-68D4-41C5-938C-EB818245BF6A}.Debug|Any CPU.ActiveCfg = Debug|Any CPU
		{40F7B033-68D4-41C5-938C-EB818245BF6A}.Debug|Any CPU.Build.0 = Debug|Any CPU
		{40F7B033-68D4-41C5-938C-EB818245BF6A}.Release|Any CPU.ActiveCfg = Release|Any CPU
		{40F7B033-68D4-41C5-938C-EB818245BF6A}.Release|Any CPU.Build.0 = Release|Any CPU
	EndGlobalSection
	GlobalSection(SolutionProperties) = preSolution
		HideSolutionNode = FALSE
	EndGlobalSection
	GlobalSection(ExtensibilityGlobals) = postSolution
		SolutionGuid = {7E1CD6EB-B9BB-4894-AE29-8E94E1B38B07}
	EndGlobalSection
EndGlobal
