
Microsoft Visual Studio Solution File, Format Version 12.00
# Visual Studio Version 17
VisualStudioVersion = 17.2.32630.192
MinimumVisualStudioVersion = 10.0.40219.1
Project("{9A19103F-16F7-4668-BE54-9A1E7A4F7556}") = "InternetTest", "InternetTest\InternetTest.csproj", "{07323B6A-F0CA-4D88-B4E3-258DC99FB1DC}"
EndProject
Project("{9A19103F-16F7-4668-BE54-9A1E7A4F7556}") = "Xalyus Updater", "Xalyus Updater\Xalyus Updater.csproj", "{67F27363-BD3B-41BC-8F9E-813CF86C216B}"
EndProject
Global
	GlobalSection(SolutionConfigurationPlatforms) = preSolution
		Debug|Any CPU = Debug|Any CPU
		Release|Any CPU = Release|Any CPU
	EndGlobalSection
	GlobalSection(ProjectConfigurationPlatforms) = postSolution
		{07323B6A-F0CA-4D88-B4E3-258DC99FB1DC}.Debug|Any CPU.ActiveCfg = Debug|Any CPU
		{07323B6A-F0CA-4D88-B4E3-258DC99FB1DC}.Debug|Any CPU.Build.0 = Debug|Any CPU
		{07323B6A-F0CA-4D88-B4E3-258DC99FB1DC}.Release|Any CPU.ActiveCfg = Release|Any CPU
		{07323B6A-F0CA-4D88-B4E3-258DC99FB1DC}.Release|Any CPU.Build.0 = Release|Any CPU
		{67F27363-BD3B-41BC-8F9E-813CF86C216B}.Debug|Any CPU.ActiveCfg = Debug|Any CPU
		{67F27363-BD3B-41BC-8F9E-813CF86C216B}.Debug|Any CPU.Build.0 = Debug|Any CPU
		{67F27363-BD3B-41BC-8F9E-813CF86C216B}.Release|Any CPU.ActiveCfg = Release|Any CPU
		{67F27363-BD3B-41BC-8F9E-813CF86C216B}.Release|Any CPU.Build.0 = Release|Any CPU
	EndGlobalSection
	GlobalSection(SolutionProperties) = preSolution
		HideSolutionNode = FALSE
	EndGlobalSection
	GlobalSection(ExtensibilityGlobals) = postSolution
		SolutionGuid = {A3DDC473-170F-4AC4-8776-79699EA1D559}
	EndGlobalSection
EndGlobal
